# THIS IS AN AUTOGENERATED FILE. DO NOT EDIT THIS FILE DIRECTLY.
# yarn lockfile v1


"@fortawesome/fontawesome-pro@^5.3.1":
  version "5.3.1"
  resolved "https://npm.fontawesome.com/@fortawesome/fontawesome-pro/-/fontawesome-pro-5.3.1.tgz#abe48cc682bce7571958ca021d4b0ff7ce02c52c"

bootstrap-select@^1.13.2:
  version "1.13.2"
  resolved "https://registry.yarnpkg.com/bootstrap-select/-/bootstrap-select-1.13.2.tgz#b22dd116e6fdced73189202fcc963ae849e47594"

popper.js@^1.0.2, popper.js@^1.14.4:
  version "1.14.4"
  resolved "https://registry.yarnpkg.com/popper.js/-/popper.js-1.14.4.tgz#8eec1d8ff02a5a3a152dd43414a15c7b79fd69b6"

tooltip.js@^1.3.0:
  version "1.3.0"
  resolved "https://registry.yarnpkg.com/tooltip.js/-/tooltip.js-1.3.0.tgz#c56115ce9e4b549edda0b306a3e439a17262181d"
  dependencies:
    popper.js "^1.0.2"
